
Microsoft Visual Studio Solution File, Format Version 12.00
# Visual Studio Version 17
VisualStudioVersion = 17.12.35514.174
MinimumVisualStudioVersion = 10.0.40219.1
Project("{FAE04EC0-301F-11D3-BF4B-00C04F79EFBC}") = "FirstDegree", "FirstDegree\FirstDegree.csproj", "{581E2A5D-BE96-43C4-A36D-18D69437F7C6}"
EndProject
Project("{FAE04EC0-301F-11D3-BF4B-00C04F79EFBC}") = "SimpleCalculation", "SimpleCalculation]\SimpleCalculation.csproj", "{790486CA-7FB0-43C6-B346-8E97CD897210}"
EndProject
Project("{FAE04EC0-301F-11D3-BF4B-00C04F79EFBC}") = "FullStructure", "FullStructure\FullStructure.csproj", "{71232F29-A418-47D4-B88F-55C1B1A34EA8}"
EndProject
Project("{FAE04EC0-301F-11D3-BF4B-00C04F79EFBC}") = "QuadraticEquation", "QuadraticEquation\QuadraticEquation.csproj", "{C3A8AD67-5880-413B-8338-A7680B163967}"
EndProject
Project("{FAE04EC0-301F-11D3-BF4B-00C04F79EFBC}") = "StringInteraction", "StringInteraction\StringInteraction.csproj", "{D44B8E6F-CB0D-45F0-97B9-CF58A5F52E9B}"
EndProject
Project("{FAE04EC0-301F-11D3-BF4B-00C04F79EFBC}") = "CallbyReference", "CallbyReference\CallbyReference.csproj", "{B22CF020-23B7-4BCB-A619-7AC1AAE98B8A}"
EndProject
Project("{FAE04EC0-301F-11D3-BF4B-00C04F79EFBC}") = "TypeParseandLoop", "TypeParseandLoop\TypeParseandLoop.csproj", "{D12E58CD-2245-4CFF-84C2-6DFF6206043A}"
EndProject
Project("{FAE04EC0-301F-11D3-BF4B-00C04F79EFBC}") = "Param", "param\Param.csproj", "{40511ACB-3D05-493F-97B8-D0C57A352426}"
EndProject
Project("{FAE04EC0-301F-11D3-BF4B-00C04F79EFBC}") = "StaticvsNonstatic", "StaticvsNonstatic\StaticvsNonstatic.csproj", "{33F945C3-FA5F-4B59-96FC-58B266AB4741}"
EndProject
Project("{FAE04EC0-301F-11D3-BF4B-00C04F79EFBC}") = "Tuple", "Tuple\Tuple.csproj", "{7F5CC123-AFFD-4598-A076-05144EDF6319}"
EndProject
Project("{FAE04EC0-301F-11D3-BF4B-00C04F79EFBC}") = "SortArray", "SortArary\SortArray.csproj", "{FB59A716-6FC0-40A8-865D-BDCBCE9BF134}"
EndProject
Project("{FAE04EC0-301F-11D3-BF4B-00C04F79EFBC}") = "NestedLoop", "NestedLoop\NestedLoop.csproj", "{F1E55473-384B-420A-9EB8-44AA644CE11F}"
EndProject
Project("{FAE04EC0-301F-11D3-BF4B-00C04F79EFBC}") = "OOP1", "OOP1\OOP1.csproj", "{A150BD0C-B0BA-4791-99DB-EB0E112DD956}"
EndProject
Project("{FAE04EC0-301F-11D3-BF4B-00C04F79EFBC}") = "OOP2", "OOP2\OOP2.csproj", "{23FE1FFE-AE01-4CC6-925D-286ACE48225A}"
EndProject
Project("{FAE04EC0-301F-11D3-BF4B-00C04F79EFBC}") = "OOP3_ExtensionMethod", "OOP3\OOP3_ExtensionMethod.csproj", "{9DF4D94C-7A9E-4720-89C6-41B2419701F2}"
EndProject
Project("{FAE04EC0-301F-11D3-BF4B-00C04F79EFBC}") = "OOP2_Reuse_As_Library", "OOP2_Reuse_As_Library\OOP2_Reuse_As_Library.csproj", "{2DA24E32-6B40-459D-9A40-0BD6CE15845F}"
EndProject
Project("{FAE04EC0-301F-11D3-BF4B-00C04F79EFBC}") = "OOP4_Generic_Collection", "OOP4\OOP4_Generic_Collection.csproj", "{795AE7CE-82A8-43C2-B4A6-62ED73C965E8}"
EndProject
Project("{FAE04EC0-301F-11D3-BF4B-00C04F79EFBC}") = "OOP5_Dictionary", "OOP5_Dictionary\OOP5_Dictionary.csproj", "{3D27080B-E572-43A2-B94B-01079B7307A8}"
EndProject
Project("{2150E333-8FDC-42A3-9474-1A3956D46DE8}") = "Chapter5", "Chapter5", "{02EA681E-C7D8-13C7-8484-4AC65E1B71E8}"
EndProject
Project("{FAE04EC0-301F-11D3-BF4B-00C04F79EFBC}") = "BuilderPattern", "BuilderPattern\BuilderPattern.csproj", "{044DE341-433F-5702-4D82-2BB3FD3832E3}"
EndProject
Project("{FAE04EC0-301F-11D3-BF4B-00C04F79EFBC}") = "FactoriesPattern", "FactoriesPattern\FactoriesPattern.csproj", "{15ADFCBE-9B56-7B0A-7AE5-771D29B1F4C9}"
EndProject
Project("{FAE04EC0-301F-11D3-BF4B-00C04F79EFBC}") = "ObserverPattern", "ObserverPattern\ObserverPattern.csproj", "{FEBF851F-917B-C45E-D2B8-7873FE9FDB40}"
EndProject
Project("{FAE04EC0-301F-11D3-BF4B-00C04F79EFBC}") = "PrototypePattern", "PrototypePattern\PrototypePattern.csproj", "{92C92FD4-253A-352A-CA1D-8ACA5E5F3868}"
EndProject
Project("{FAE04EC0-301F-11D3-BF4B-00C04F79EFBC}") = "SingletonPattern", "SingletonPattern\SingletonPattern.csproj", "{FABC0CC8-7E79-3D9B-8D56-17C4207BB104}"
EndProject
Project("{FAE04EC0-301F-11D3-BF4B-00C04F79EFBC}") = "DemoAliasAndClone", "DemoAliasAndClone\DemoAliasAndClone.csproj", "{9A717E45-644E-4CD7-B835-6453DC52851A}"
EndProject
Project("{2150E333-8FDC-42A3-9474-1A3956D46DE8}") = "Chapter6", "Chapter6", "{96B32DB0-A4FB-4267-B279-56EF26380ADD}"
EndProject
Project("{FAE04EC0-301F-11D3-BF4B-00C04F79EFBC}") = "DemoDelegate", "DemoDelegate\DemoDelegate.csproj", "{7755E402-0F72-4578-8620-DC906633E117}"
EndProject
Project("{FAE04EC0-301F-11D3-BF4B-00C04F79EFBC}") = "DemoLINQToObject1", "DemoLINQToObject1\DemoLINQToObject1.csproj", "{18B925C7-4EB3-4B58-9DE0-E3A0AA207A69}"
EndProject
Project("{FAE04EC0-301F-11D3-BF4B-00C04F79EFBC}") = "DemoLINQToObject2", "DemoLINQToObject2\DemoLINQToObject2.csproj", "{55FE401C-7491-418F-9F72-0D181B93791A}"
EndProject
Project("{FAE04EC0-301F-11D3-BF4B-00C04F79EFBC}") = "DemoLINQToSQL", "DemoLINQToSQL\DemoLINQToSQL.csproj", "{E7FD0974-E781-4378-A220-53688B56369D}"
EndProject
Project("{FAE04EC0-301F-11D3-BF4B-00C04F79EFBC}") = "Lucy_SalesManagement", "Lucy_SalesManagement\Lucy_SalesManagement.csproj", "{05CF2CCB-ECD9-4EEB-BA00-87E133F2FA60}"
EndProject
Project("{2150E333-8FDC-42A3-9474-1A3956D46DE8}") = "Chapter7", "Chapter7", "{655C79A7-AF61-4ACD-95EE-A6CD4F655658}"
EndProject
Project("{FAE04EC0-301F-11D3-BF4B-00C04F79EFBC}") = "HelloWPFApp", "HelloWPFApp\HelloWPFApp.csproj", "{2F2482EC-3663-4D16-8769-00BBDFD3187F}"
EndProject
Project("{2150E333-8FDC-42A3-9474-1A3956D46DE8}") = "Chapter7_multi_tier", "Chapter7_multi_tier", "{153AE37E-A46A-4271-AE6A-3356C93252D2}"
EndProject
Project("{FAE04EC0-301F-11D3-BF4B-00C04F79EFBC}") = "BusinessObjects", "BusinessObjects\BusinessObjects.csproj", "{9F033E45-027E-4584-A92E-0E490FDD8BA2}"
EndProject
Project("{FAE04EC0-301F-11D3-BF4B-00C04F79EFBC}") = "DataAccessLayer", "DataAccessLayer\DataAccessLayer.csproj", "{32F688E7-2ABB-40CE-84AF-3B322A1562B3}"
EndProject
Project("{FAE04EC0-301F-11D3-BF4B-00C04F79EFBC}") = "Repositories", "Repositories\Repositories.csproj", "{0816743D-D960-4BAF-9E9C-86E9090C95DB}"
EndProject
Project("{FAE04EC0-301F-11D3-BF4B-00C04F79EFBC}") = "Services", "Services\Services.csproj", "{1E3970D0-4624-4097-A90E-AAEE7BA7B95E}"
EndProject
Project("{FAE04EC0-301F-11D3-BF4B-00C04F79EFBC}") = "WpfApp", "WpfApp\WpfApp.csproj", "{D8B8D273-81D6-41F9-9386-977EF14D9B3D}"
EndProject
Project("{2150E333-8FDC-42A3-9474-1A3956D46DE8}") = "Chapter7_TreeView", "Chapter7_TreeView", "{61E7C97C-AB26-4E1A-A202-403AE817AAE0}"
EndProject
Project("{FAE04EC0-301F-11D3-BF4B-00C04F79EFBC}") = "TreeViewWpfApp", "TreeViewWpfApp\TreeViewWpfApp.csproj", "{664A0D48-76E4-4FFA-9065-98126419BFAF}"
EndProject
Project("{2150E333-8FDC-42A3-9474-1A3956D46DE8}") = "Chapter8", "Chapter8", "{8419BB5E-5800-4AE5-9465-BE3611A53FB3}"
EndProject
Project("{FAE04EC0-301F-11D3-BF4B-00C04F79EFBC}") = "MyStoreWpfApp_EF", "MyStoreWpfApp_EF\MyStoreWpfApp_EF.csproj", "{C5673964-AA2B-4683-9323-1B8F675F70A6}"
EndProject
Project("{2150E333-8FDC-42A3-9474-1A3956D46DE8}") = "Chapter8_multi_tier", "Chapter8_multi_tier", "{3E3078CA-F317-4756-889A-890DB35AB579}"
	ProjectSection(SolutionItems) = preProject
		MyStoreWpfApp_EF\MainWindow.xaml = MyStoreWpfApp_EF\MainWindow.xaml
		MyStoreWpfApp_EF\MainWindow.xaml.cs = MyStoreWpfApp_EF\MainWindow.xaml.cs
	EndProjectSection
EndProject
Project("{FAE04EC0-301F-11D3-BF4B-00C04F79EFBC}") = "BusinessObjects_EF", "BusinessObjects_EF\BusinessObjects_EF.csproj", "{E9C58506-5989-4142-A288-FA3299A6506E}"
EndProject
Project("{FAE04EC0-301F-11D3-BF4B-00C04F79EFBC}") = "DataAccessLayer_EF", "DataAccessLayer'_EF\DataAccessLayer_EF.csproj", "{B5D83E10-3DE8-4202-A868-C74B2A9790DD}"
EndProject
Project("{FAE04EC0-301F-11D3-BF4B-00C04F79EFBC}") = "Services_EF", "Services_EF\Services_EF.csproj", "{24201391-097F-49E8-BF51-14213755BAC6}"
EndProject
Project("{FAE04EC0-301F-11D3-BF4B-00C04F79EFBC}") = "Repositories_EF", "Repositories_EF\Repositories_EF.csproj", "{84C07513-215B-4211-ACC2-C982E9B32FCC}"
EndProject
Project("{FAE04EC0-301F-11D3-BF4B-00C04F79EFBC}") = "WpfApp_EF", "WpfApp_EF\WpfApp_EF.csproj", "{C99835AC-F200-4A82-8A6B-54BA2615B740}"
EndProject
Project("{2150E333-8FDC-42A3-9474-1A3956D46DE8}") = "Chapter9", "Chapter9", "{3A698810-0BE2-4F04-8D42-B3FCD0738DAD}"
EndProject
Project("{FAE04EC0-301F-11D3-BF4B-00C04F79EFBC}") = "BusinessObjects_EF_IO", "BusinessObjects_EF_IO\BusinessObjects_EF_IO.csproj", "{C1DF8708-630C-4B12-837D-BE0058A24D3C}"
EndProject
Project("{FAE04EC0-301F-11D3-BF4B-00C04F79EFBC}") = "DataAccessLayer_EF_IO", "DataAccessLayer_EF_IO\DataAccessLayer_EF_IO.csproj", "{A66585AC-496C-4832-A3E9-19BF143B3F6F}"
EndProject
Project("{FAE04EC0-301F-11D3-BF4B-00C04F79EFBC}") = "Repositories_EF_IO", "Repositories_EF_IO\Repositories_EF_IO.csproj", "{17766B56-A5BA-464E-983C-BD2E2E177241}"
EndProject
Project("{FAE04EC0-301F-11D3-BF4B-00C04F79EFBC}") = "Services_EF_IO", "Services_EF_IO\Services_EF_IO.csproj", "{DE882312-5220-459C-B65A-05CE2EDAAC51}"
EndProject
Project("{FAE04EC0-301F-11D3-BF4B-00C04F79EFBC}") = "WpfApp_EF_IO", "WpfApp_EF_IO\WpfApp_EF_IO.csproj", "{2A9AAC31-E698-4C44-9A9C-0433374C6512}"
EndProject
Global
	GlobalSection(SolutionConfigurationPlatforms) = preSolution
		Debug|Any CPU = Debug|Any CPU
		Release|Any CPU = Release|Any CPU
	EndGlobalSection
	GlobalSection(ProjectConfigurationPlatforms) = postSolution
		{581E2A5D-BE96-43C4-A36D-18D69437F7C6}.Debug|Any CPU.ActiveCfg = Debug|Any CPU
		{581E2A5D-BE96-43C4-A36D-18D69437F7C6}.Debug|Any CPU.Build.0 = Debug|Any CPU
		{581E2A5D-BE96-43C4-A36D-18D69437F7C6}.Release|Any CPU.ActiveCfg = Release|Any CPU
		{581E2A5D-BE96-43C4-A36D-18D69437F7C6}.Release|Any CPU.Build.0 = Release|Any CPU
		{790486CA-7FB0-43C6-B346-8E97CD897210}.Debug|Any CPU.ActiveCfg = Debug|Any CPU
		{790486CA-7FB0-43C6-B346-8E97CD897210}.Debug|Any CPU.Build.0 = Debug|Any CPU
		{790486CA-7FB0-43C6-B346-8E97CD897210}.Release|Any CPU.ActiveCfg = Release|Any CPU
		{790486CA-7FB0-43C6-B346-8E97CD897210}.Release|Any CPU.Build.0 = Release|Any CPU
		{71232F29-A418-47D4-B88F-55C1B1A34EA8}.Debug|Any CPU.ActiveCfg = Debug|Any CPU
		{71232F29-A418-47D4-B88F-55C1B1A34EA8}.Debug|Any CPU.Build.0 = Debug|Any CPU
		{71232F29-A418-47D4-B88F-55C1B1A34EA8}.Release|Any CPU.ActiveCfg = Release|Any CPU
		{71232F29-A418-47D4-B88F-55C1B1A34EA8}.Release|Any CPU.Build.0 = Release|Any CPU
		{C3A8AD67-5880-413B-8338-A7680B163967}.Debug|Any CPU.ActiveCfg = Debug|Any CPU
		{C3A8AD67-5880-413B-8338-A7680B163967}.Debug|Any CPU.Build.0 = Debug|Any CPU
		{C3A8AD67-5880-413B-8338-A7680B163967}.Release|Any CPU.ActiveCfg = Release|Any CPU
		{C3A8AD67-5880-413B-8338-A7680B163967}.Release|Any CPU.Build.0 = Release|Any CPU
		{D44B8E6F-CB0D-45F0-97B9-CF58A5F52E9B}.Debug|Any CPU.ActiveCfg = Debug|Any CPU
		{D44B8E6F-CB0D-45F0-97B9-CF58A5F52E9B}.Debug|Any CPU.Build.0 = Debug|Any CPU
		{D44B8E6F-CB0D-45F0-97B9-CF58A5F52E9B}.Release|Any CPU.ActiveCfg = Release|Any CPU
		{D44B8E6F-CB0D-45F0-97B9-CF58A5F52E9B}.Release|Any CPU.Build.0 = Release|Any CPU
		{B22CF020-23B7-4BCB-A619-7AC1AAE98B8A}.Debug|Any CPU.ActiveCfg = Debug|Any CPU
		{B22CF020-23B7-4BCB-A619-7AC1AAE98B8A}.Debug|Any CPU.Build.0 = Debug|Any CPU
		{B22CF020-23B7-4BCB-A619-7AC1AAE98B8A}.Release|Any CPU.ActiveCfg = Release|Any CPU
		{B22CF020-23B7-4BCB-A619-7AC1AAE98B8A}.Release|Any CPU.Build.0 = Release|Any CPU
		{D12E58CD-2245-4CFF-84C2-6DFF6206043A}.Debug|Any CPU.ActiveCfg = Debug|Any CPU
		{D12E58CD-2245-4CFF-84C2-6DFF6206043A}.Debug|Any CPU.Build.0 = Debug|Any CPU
		{D12E58CD-2245-4CFF-84C2-6DFF6206043A}.Release|Any CPU.ActiveCfg = Release|Any CPU
		{D12E58CD-2245-4CFF-84C2-6DFF6206043A}.Release|Any CPU.Build.0 = Release|Any CPU
		{40511ACB-3D05-493F-97B8-D0C57A352426}.Debug|Any CPU.ActiveCfg = Debug|Any CPU
		{40511ACB-3D05-493F-97B8-D0C57A352426}.Debug|Any CPU.Build.0 = Debug|Any CPU
		{40511ACB-3D05-493F-97B8-D0C57A352426}.Release|Any CPU.ActiveCfg = Release|Any CPU
		{40511ACB-3D05-493F-97B8-D0C57A352426}.Release|Any CPU.Build.0 = Release|Any CPU
		{33F945C3-FA5F-4B59-96FC-58B266AB4741}.Debug|Any CPU.ActiveCfg = Debug|Any CPU
		{33F945C3-FA5F-4B59-96FC-58B266AB4741}.Debug|Any CPU.Build.0 = Debug|Any CPU
		{33F945C3-FA5F-4B59-96FC-58B266AB4741}.Release|Any CPU.ActiveCfg = Release|Any CPU
		{33F945C3-FA5F-4B59-96FC-58B266AB4741}.Release|Any CPU.Build.0 = Release|Any CPU
		{7F5CC123-AFFD-4598-A076-05144EDF6319}.Debug|Any CPU.ActiveCfg = Debug|Any CPU
		{7F5CC123-AFFD-4598-A076-05144EDF6319}.Debug|Any CPU.Build.0 = Debug|Any CPU
		{7F5CC123-AFFD-4598-A076-05144EDF6319}.Release|Any CPU.ActiveCfg = Release|Any CPU
		{7F5CC123-AFFD-4598-A076-05144EDF6319}.Release|Any CPU.Build.0 = Release|Any CPU
		{FB59A716-6FC0-40A8-865D-BDCBCE9BF134}.Debug|Any CPU.ActiveCfg = Debug|Any CPU
		{FB59A716-6FC0-40A8-865D-BDCBCE9BF134}.Debug|Any CPU.Build.0 = Debug|Any CPU
		{FB59A716-6FC0-40A8-865D-BDCBCE9BF134}.Release|Any CPU.ActiveCfg = Release|Any CPU
		{FB59A716-6FC0-40A8-865D-BDCBCE9BF134}.Release|Any CPU.Build.0 = Release|Any CPU
		{F1E55473-384B-420A-9EB8-44AA644CE11F}.Debug|Any CPU.ActiveCfg = Debug|Any CPU
		{F1E55473-384B-420A-9EB8-44AA644CE11F}.Debug|Any CPU.Build.0 = Debug|Any CPU
		{F1E55473-384B-420A-9EB8-44AA644CE11F}.Release|Any CPU.ActiveCfg = Release|Any CPU
		{F1E55473-384B-420A-9EB8-44AA644CE11F}.Release|Any CPU.Build.0 = Release|Any CPU
		{A150BD0C-B0BA-4791-99DB-EB0E112DD956}.Debug|Any CPU.ActiveCfg = Debug|Any CPU
		{A150BD0C-B0BA-4791-99DB-EB0E112DD956}.Debug|Any CPU.Build.0 = Debug|Any CPU
		{A150BD0C-B0BA-4791-99DB-EB0E112DD956}.Release|Any CPU.ActiveCfg = Release|Any CPU
		{A150BD0C-B0BA-4791-99DB-EB0E112DD956}.Release|Any CPU.Build.0 = Release|Any CPU
		{23FE1FFE-AE01-4CC6-925D-286ACE48225A}.Debug|Any CPU.ActiveCfg = Debug|Any CPU
		{23FE1FFE-AE01-4CC6-925D-286ACE48225A}.Debug|Any CPU.Build.0 = Debug|Any CPU
		{23FE1FFE-AE01-4CC6-925D-286ACE48225A}.Release|Any CPU.ActiveCfg = Release|Any CPU
		{23FE1FFE-AE01-4CC6-925D-286ACE48225A}.Release|Any CPU.Build.0 = Release|Any CPU
		{9DF4D94C-7A9E-4720-89C6-41B2419701F2}.Debug|Any CPU.ActiveCfg = Debug|Any CPU
		{9DF4D94C-7A9E-4720-89C6-41B2419701F2}.Debug|Any CPU.Build.0 = Debug|Any CPU
		{9DF4D94C-7A9E-4720-89C6-41B2419701F2}.Release|Any CPU.ActiveCfg = Release|Any CPU
		{9DF4D94C-7A9E-4720-89C6-41B2419701F2}.Release|Any CPU.Build.0 = Release|Any CPU
		{2DA24E32-6B40-459D-9A40-0BD6CE15845F}.Debug|Any CPU.ActiveCfg = Debug|Any CPU
		{2DA24E32-6B40-459D-9A40-0BD6CE15845F}.Debug|Any CPU.Build.0 = Debug|Any CPU
		{2DA24E32-6B40-459D-9A40-0BD6CE15845F}.Release|Any CPU.ActiveCfg = Release|Any CPU
		{2DA24E32-6B40-459D-9A40-0BD6CE15845F}.Release|Any CPU.Build.0 = Release|Any CPU
		{795AE7CE-82A8-43C2-B4A6-62ED73C965E8}.Debug|Any CPU.ActiveCfg = Debug|Any CPU
		{795AE7CE-82A8-43C2-B4A6-62ED73C965E8}.Debug|Any CPU.Build.0 = Debug|Any CPU
		{795AE7CE-82A8-43C2-B4A6-62ED73C965E8}.Release|Any CPU.ActiveCfg = Release|Any CPU
		{795AE7CE-82A8-43C2-B4A6-62ED73C965E8}.Release|Any CPU.Build.0 = Release|Any CPU
		{3D27080B-E572-43A2-B94B-01079B7307A8}.Debug|Any CPU.ActiveCfg = Debug|Any CPU
		{3D27080B-E572-43A2-B94B-01079B7307A8}.Debug|Any CPU.Build.0 = Debug|Any CPU
		{3D27080B-E572-43A2-B94B-01079B7307A8}.Release|Any CPU.ActiveCfg = Release|Any CPU
		{3D27080B-E572-43A2-B94B-01079B7307A8}.Release|Any CPU.Build.0 = Release|Any CPU
		{044DE341-433F-5702-4D82-2BB3FD3832E3}.Debug|Any CPU.ActiveCfg = Debug|Any CPU
		{044DE341-433F-5702-4D82-2BB3FD3832E3}.Debug|Any CPU.Build.0 = Debug|Any CPU
		{044DE341-433F-5702-4D82-2BB3FD3832E3}.Release|Any CPU.ActiveCfg = Release|Any CPU
		{044DE341-433F-5702-4D82-2BB3FD3832E3}.Release|Any CPU.Build.0 = Release|Any CPU
		{15ADFCBE-9B56-7B0A-7AE5-771D29B1F4C9}.Debug|Any CPU.ActiveCfg = Debug|Any CPU
		{15ADFCBE-9B56-7B0A-7AE5-771D29B1F4C9}.Debug|Any CPU.Build.0 = Debug|Any CPU
		{15ADFCBE-9B56-7B0A-7AE5-771D29B1F4C9}.Release|Any CPU.ActiveCfg = Release|Any CPU
		{15ADFCBE-9B56-7B0A-7AE5-771D29B1F4C9}.Release|Any CPU.Build.0 = Release|Any CPU
		{FEBF851F-917B-C45E-D2B8-7873FE9FDB40}.Debug|Any CPU.ActiveCfg = Debug|Any CPU
		{FEBF851F-917B-C45E-D2B8-7873FE9FDB40}.Debug|Any CPU.Build.0 = Debug|Any CPU
		{FEBF851F-917B-C45E-D2B8-7873FE9FDB40}.Release|Any CPU.ActiveCfg = Release|Any CPU
		{FEBF851F-917B-C45E-D2B8-7873FE9FDB40}.Release|Any CPU.Build.0 = Release|Any CPU
		{92C92FD4-253A-352A-CA1D-8ACA5E5F3868}.Debug|Any CPU.ActiveCfg = Debug|Any CPU
		{92C92FD4-253A-352A-CA1D-8ACA5E5F3868}.Debug|Any CPU.Build.0 = Debug|Any CPU
		{92C92FD4-253A-352A-CA1D-8ACA5E5F3868}.Release|Any CPU.ActiveCfg = Release|Any CPU
		{92C92FD4-253A-352A-CA1D-8ACA5E5F3868}.Release|Any CPU.Build.0 = Release|Any CPU
		{FABC0CC8-7E79-3D9B-8D56-17C4207BB104}.Debug|Any CPU.ActiveCfg = Debug|Any CPU
		{FABC0CC8-7E79-3D9B-8D56-17C4207BB104}.Debug|Any CPU.Build.0 = Debug|Any CPU
		{FABC0CC8-7E79-3D9B-8D56-17C4207BB104}.Release|Any CPU.ActiveCfg = Release|Any CPU
		{FABC0CC8-7E79-3D9B-8D56-17C4207BB104}.Release|Any CPU.Build.0 = Release|Any CPU
		{9A717E45-644E-4CD7-B835-6453DC52851A}.Debug|Any CPU.ActiveCfg = Debug|Any CPU
		{9A717E45-644E-4CD7-B835-6453DC52851A}.Debug|Any CPU.Build.0 = Debug|Any CPU
		{9A717E45-644E-4CD7-B835-6453DC52851A}.Release|Any CPU.ActiveCfg = Release|Any CPU
		{9A717E45-644E-4CD7-B835-6453DC52851A}.Release|Any CPU.Build.0 = Release|Any CPU
		{7755E402-0F72-4578-8620-DC906633E117}.Debug|Any CPU.ActiveCfg = Debug|Any CPU
		{7755E402-0F72-4578-8620-DC906633E117}.Debug|Any CPU.Build.0 = Debug|Any CPU
		{7755E402-0F72-4578-8620-DC906633E117}.Release|Any CPU.ActiveCfg = Release|Any CPU
		{7755E402-0F72-4578-8620-DC906633E117}.Release|Any CPU.Build.0 = Release|Any CPU
		{18B925C7-4EB3-4B58-9DE0-E3A0AA207A69}.Debug|Any CPU.ActiveCfg = Debug|Any CPU
		{18B925C7-4EB3-4B58-9DE0-E3A0AA207A69}.Debug|Any CPU.Build.0 = Debug|Any CPU
		{18B925C7-4EB3-4B58-9DE0-E3A0AA207A69}.Release|Any CPU.ActiveCfg = Release|Any CPU
		{18B925C7-4EB3-4B58-9DE0-E3A0AA207A69}.Release|Any CPU.Build.0 = Release|Any CPU
		{55FE401C-7491-418F-9F72-0D181B93791A}.Debug|Any CPU.ActiveCfg = Debug|Any CPU
		{55FE401C-7491-418F-9F72-0D181B93791A}.Debug|Any CPU.Build.0 = Debug|Any CPU
		{55FE401C-7491-418F-9F72-0D181B93791A}.Release|Any CPU.ActiveCfg = Release|Any CPU
		{55FE401C-7491-418F-9F72-0D181B93791A}.Release|Any CPU.Build.0 = Release|Any CPU
		{E7FD0974-E781-4378-A220-53688B56369D}.Debug|Any CPU.ActiveCfg = Debug|Any CPU
		{E7FD0974-E781-4378-A220-53688B56369D}.Debug|Any CPU.Build.0 = Debug|Any CPU
		{E7FD0974-E781-4378-A220-53688B56369D}.Release|Any CPU.ActiveCfg = Release|Any CPU
		{E7FD0974-E781-4378-A220-53688B56369D}.Release|Any CPU.Build.0 = Release|Any CPU
		{05CF2CCB-ECD9-4EEB-BA00-87E133F2FA60}.Debug|Any CPU.ActiveCfg = Debug|Any CPU
		{05CF2CCB-ECD9-4EEB-BA00-87E133F2FA60}.Debug|Any CPU.Build.0 = Debug|Any CPU
		{05CF2CCB-ECD9-4EEB-BA00-87E133F2FA60}.Release|Any CPU.ActiveCfg = Release|Any CPU
		{05CF2CCB-ECD9-4EEB-BA00-87E133F2FA60}.Release|Any CPU.Build.0 = Release|Any CPU
		{2F2482EC-3663-4D16-8769-00BBDFD3187F}.Debug|Any CPU.ActiveCfg = Debug|Any CPU
		{2F2482EC-3663-4D16-8769-00BBDFD3187F}.Debug|Any CPU.Build.0 = Debug|Any CPU
		{2F2482EC-3663-4D16-8769-00BBDFD3187F}.Release|Any CPU.ActiveCfg = Release|Any CPU
		{2F2482EC-3663-4D16-8769-00BBDFD3187F}.Release|Any CPU.Build.0 = Release|Any CPU
		{9F033E45-027E-4584-A92E-0E490FDD8BA2}.Debug|Any CPU.ActiveCfg = Debug|Any CPU
		{9F033E45-027E-4584-A92E-0E490FDD8BA2}.Debug|Any CPU.Build.0 = Debug|Any CPU
		{9F033E45-027E-4584-A92E-0E490FDD8BA2}.Release|Any CPU.ActiveCfg = Release|Any CPU
		{9F033E45-027E-4584-A92E-0E490FDD8BA2}.Release|Any CPU.Build.0 = Release|Any CPU
		{32F688E7-2ABB-40CE-84AF-3B322A1562B3}.Debug|Any CPU.ActiveCfg = Debug|Any CPU
		{32F688E7-2ABB-40CE-84AF-3B322A1562B3}.Debug|Any CPU.Build.0 = Debug|Any CPU
		{32F688E7-2ABB-40CE-84AF-3B322A1562B3}.Release|Any CPU.ActiveCfg = Release|Any CPU
		{32F688E7-2ABB-40CE-84AF-3B322A1562B3}.Release|Any CPU.Build.0 = Release|Any CPU
		{0816743D-D960-4BAF-9E9C-86E9090C95DB}.Debug|Any CPU.ActiveCfg = Debug|Any CPU
		{0816743D-D960-4BAF-9E9C-86E9090C95DB}.Debug|Any CPU.Build.0 = Debug|Any CPU
		{0816743D-D960-4BAF-9E9C-86E9090C95DB}.Release|Any CPU.ActiveCfg = Release|Any CPU
		{0816743D-D960-4BAF-9E9C-86E9090C95DB}.Release|Any CPU.Build.0 = Release|Any CPU
		{1E3970D0-4624-4097-A90E-AAEE7BA7B95E}.Debug|Any CPU.ActiveCfg = Debug|Any CPU
		{1E3970D0-4624-4097-A90E-AAEE7BA7B95E}.Debug|Any CPU.Build.0 = Debug|Any CPU
		{1E3970D0-4624-4097-A90E-AAEE7BA7B95E}.Release|Any CPU.ActiveCfg = Release|Any CPU
		{1E3970D0-4624-4097-A90E-AAEE7BA7B95E}.Release|Any CPU.Build.0 = Release|Any CPU
		{D8B8D273-81D6-41F9-9386-977EF14D9B3D}.Debug|Any CPU.ActiveCfg = Debug|Any CPU
		{D8B8D273-81D6-41F9-9386-977EF14D9B3D}.Debug|Any CPU.Build.0 = Debug|Any CPU
		{D8B8D273-81D6-41F9-9386-977EF14D9B3D}.Release|Any CPU.ActiveCfg = Release|Any CPU
		{D8B8D273-81D6-41F9-9386-977EF14D9B3D}.Release|Any CPU.Build.0 = Release|Any CPU
		{664A0D48-76E4-4FFA-9065-98126419BFAF}.Debug|Any CPU.ActiveCfg = Debug|Any CPU
		{664A0D48-76E4-4FFA-9065-98126419BFAF}.Debug|Any CPU.Build.0 = Debug|Any CPU
		{664A0D48-76E4-4FFA-9065-98126419BFAF}.Release|Any CPU.ActiveCfg = Release|Any CPU
		{664A0D48-76E4-4FFA-9065-98126419BFAF}.Release|Any CPU.Build.0 = Release|Any CPU
		{C5673964-AA2B-4683-9323-1B8F675F70A6}.Debug|Any CPU.ActiveCfg = Debug|Any CPU
		{C5673964-AA2B-4683-9323-1B8F675F70A6}.Debug|Any CPU.Build.0 = Debug|Any CPU
		{C5673964-AA2B-4683-9323-1B8F675F70A6}.Release|Any CPU.ActiveCfg = Release|Any CPU
		{C5673964-AA2B-4683-9323-1B8F675F70A6}.Release|Any CPU.Build.0 = Release|Any CPU
		{E9C58506-5989-4142-A288-FA3299A6506E}.Debug|Any CPU.ActiveCfg = Debug|Any CPU
		{E9C58506-5989-4142-A288-FA3299A6506E}.Debug|Any CPU.Build.0 = Debug|Any CPU
		{E9C58506-5989-4142-A288-FA3299A6506E}.Release|Any CPU.ActiveCfg = Release|Any CPU
		{E9C58506-5989-4142-A288-FA3299A6506E}.Release|Any CPU.Build.0 = Release|Any CPU
		{B5D83E10-3DE8-4202-A868-C74B2A9790DD}.Debug|Any CPU.ActiveCfg = Debug|Any CPU
		{B5D83E10-3DE8-4202-A868-C74B2A9790DD}.Debug|Any CPU.Build.0 = Debug|Any CPU
		{B5D83E10-3DE8-4202-A868-C74B2A9790DD}.Release|Any CPU.ActiveCfg = Release|Any CPU
		{B5D83E10-3DE8-4202-A868-C74B2A9790DD}.Release|Any CPU.Build.0 = Release|Any CPU
		{24201391-097F-49E8-BF51-14213755BAC6}.Debug|Any CPU.ActiveCfg = Debug|Any CPU
		{24201391-097F-49E8-BF51-14213755BAC6}.Debug|Any CPU.Build.0 = Debug|Any CPU
		{24201391-097F-49E8-BF51-14213755BAC6}.Release|Any CPU.ActiveCfg = Release|Any CPU
		{24201391-097F-49E8-BF51-14213755BAC6}.Release|Any CPU.Build.0 = Release|Any CPU
		{84C07513-215B-4211-ACC2-C982E9B32FCC}.Debug|Any CPU.ActiveCfg = Debug|Any CPU
		{84C07513-215B-4211-ACC2-C982E9B32FCC}.Debug|Any CPU.Build.0 = Debug|Any CPU
		{84C07513-215B-4211-ACC2-C982E9B32FCC}.Release|Any CPU.ActiveCfg = Release|Any CPU
		{84C07513-215B-4211-ACC2-C982E9B32FCC}.Release|Any CPU.Build.0 = Release|Any CPU
		{C99835AC-F200-4A82-8A6B-54BA2615B740}.Debug|Any CPU.ActiveCfg = Debug|Any CPU
		{C99835AC-F200-4A82-8A6B-54BA2615B740}.Debug|Any CPU.Build.0 = Debug|Any CPU
		{C99835AC-F200-4A82-8A6B-54BA2615B740}.Release|Any CPU.ActiveCfg = Release|Any CPU
		{C99835AC-F200-4A82-8A6B-54BA2615B740}.Release|Any CPU.Build.0 = Release|Any CPU
		{C1DF8708-630C-4B12-837D-BE0058A24D3C}.Debug|Any CPU.ActiveCfg = Debug|Any CPU
		{C1DF8708-630C-4B12-837D-BE0058A24D3C}.Debug|Any CPU.Build.0 = Debug|Any CPU
		{C1DF8708-630C-4B12-837D-BE0058A24D3C}.Release|Any CPU.ActiveCfg = Release|Any CPU
		{C1DF8708-630C-4B12-837D-BE0058A24D3C}.Release|Any CPU.Build.0 = Release|Any CPU
		{A66585AC-496C-4832-A3E9-19BF143B3F6F}.Debug|Any CPU.ActiveCfg = Debug|Any CPU
		{A66585AC-496C-4832-A3E9-19BF143B3F6F}.Debug|Any CPU.Build.0 = Debug|Any CPU
		{A66585AC-496C-4832-A3E9-19BF143B3F6F}.Release|Any CPU.ActiveCfg = Release|Any CPU
		{A66585AC-496C-4832-A3E9-19BF143B3F6F}.Release|Any CPU.Build.0 = Release|Any CPU
		{17766B56-A5BA-464E-983C-BD2E2E177241}.Debug|Any CPU.ActiveCfg = Debug|Any CPU
		{17766B56-A5BA-464E-983C-BD2E2E177241}.Debug|Any CPU.Build.0 = Debug|Any CPU
		{17766B56-A5BA-464E-983C-BD2E2E177241}.Release|Any CPU.ActiveCfg = Release|Any CPU
		{17766B56-A5BA-464E-983C-BD2E2E177241}.Release|Any CPU.Build.0 = Release|Any CPU
		{DE882312-5220-459C-B65A-05CE2EDAAC51}.Debug|Any CPU.ActiveCfg = Debug|Any CPU
		{DE882312-5220-459C-B65A-05CE2EDAAC51}.Debug|Any CPU.Build.0 = Debug|Any CPU
		{DE882312-5220-459C-B65A-05CE2EDAAC51}.Release|Any CPU.ActiveCfg = Release|Any CPU
		{DE882312-5220-459C-B65A-05CE2EDAAC51}.Release|Any CPU.Build.0 = Release|Any CPU
		{2A9AAC31-E698-4C44-9A9C-0433374C6512}.Debug|Any CPU.ActiveCfg = Debug|Any CPU
		{2A9AAC31-E698-4C44-9A9C-0433374C6512}.Debug|Any CPU.Build.0 = Debug|Any CPU
		{2A9AAC31-E698-4C44-9A9C-0433374C6512}.Release|Any CPU.ActiveCfg = Release|Any CPU
		{2A9AAC31-E698-4C44-9A9C-0433374C6512}.Release|Any CPU.Build.0 = Release|Any CPU
	EndGlobalSection
	GlobalSection(SolutionProperties) = preSolution
		HideSolutionNode = FALSE
	EndGlobalSection
	GlobalSection(NestedProjects) = preSolution
		{044DE341-433F-5702-4D82-2BB3FD3832E3} = {02EA681E-C7D8-13C7-8484-4AC65E1B71E8}
		{15ADFCBE-9B56-7B0A-7AE5-771D29B1F4C9} = {02EA681E-C7D8-13C7-8484-4AC65E1B71E8}
		{FEBF851F-917B-C45E-D2B8-7873FE9FDB40} = {02EA681E-C7D8-13C7-8484-4AC65E1B71E8}
		{92C92FD4-253A-352A-CA1D-8ACA5E5F3868} = {02EA681E-C7D8-13C7-8484-4AC65E1B71E8}
		{FABC0CC8-7E79-3D9B-8D56-17C4207BB104} = {02EA681E-C7D8-13C7-8484-4AC65E1B71E8}
		{9A717E45-644E-4CD7-B835-6453DC52851A} = {02EA681E-C7D8-13C7-8484-4AC65E1B71E8}
		{7755E402-0F72-4578-8620-DC906633E117} = {96B32DB0-A4FB-4267-B279-56EF26380ADD}
		{18B925C7-4EB3-4B58-9DE0-E3A0AA207A69} = {96B32DB0-A4FB-4267-B279-56EF26380ADD}
		{55FE401C-7491-418F-9F72-0D181B93791A} = {96B32DB0-A4FB-4267-B279-56EF26380ADD}
		{E7FD0974-E781-4378-A220-53688B56369D} = {96B32DB0-A4FB-4267-B279-56EF26380ADD}
		{05CF2CCB-ECD9-4EEB-BA00-87E133F2FA60} = {96B32DB0-A4FB-4267-B279-56EF26380ADD}
		{2F2482EC-3663-4D16-8769-00BBDFD3187F} = {655C79A7-AF61-4ACD-95EE-A6CD4F655658}
		{9F033E45-027E-4584-A92E-0E490FDD8BA2} = {153AE37E-A46A-4271-AE6A-3356C93252D2}
		{32F688E7-2ABB-40CE-84AF-3B322A1562B3} = {153AE37E-A46A-4271-AE6A-3356C93252D2}
		{0816743D-D960-4BAF-9E9C-86E9090C95DB} = {153AE37E-A46A-4271-AE6A-3356C93252D2}
		{1E3970D0-4624-4097-A90E-AAEE7BA7B95E} = {153AE37E-A46A-4271-AE6A-3356C93252D2}
		{D8B8D273-81D6-41F9-9386-977EF14D9B3D} = {153AE37E-A46A-4271-AE6A-3356C93252D2}
		{664A0D48-76E4-4FFA-9065-98126419BFAF} = {61E7C97C-AB26-4E1A-A202-403AE817AAE0}
		{C5673964-AA2B-4683-9323-1B8F675F70A6} = {8419BB5E-5800-4AE5-9465-BE3611A53FB3}
		{E9C58506-5989-4142-A288-FA3299A6506E} = {3E3078CA-F317-4756-889A-890DB35AB579}
		{B5D83E10-3DE8-4202-A868-C74B2A9790DD} = {3E3078CA-F317-4756-889A-890DB35AB579}
		{24201391-097F-49E8-BF51-14213755BAC6} = {3E3078CA-F317-4756-889A-890DB35AB579}
		{84C07513-215B-4211-ACC2-C982E9B32FCC} = {3E3078CA-F317-4756-889A-890DB35AB579}
		{C99835AC-F200-4A82-8A6B-54BA2615B740} = {3E3078CA-F317-4756-889A-890DB35AB579}
		{C1DF8708-630C-4B12-837D-BE0058A24D3C} = {3A698810-0BE2-4F04-8D42-B3FCD0738DAD}
		{A66585AC-496C-4832-A3E9-19BF143B3F6F} = {3A698810-0BE2-4F04-8D42-B3FCD0738DAD}
		{17766B56-A5BA-464E-983C-BD2E2E177241} = {3A698810-0BE2-4F04-8D42-B3FCD0738DAD}
		{DE882312-5220-459C-B65A-05CE2EDAAC51} = {3A698810-0BE2-4F04-8D42-B3FCD0738DAD}
		{2A9AAC31-E698-4C44-9A9C-0433374C6512} = {3A698810-0BE2-4F04-8D42-B3FCD0738DAD}
	EndGlobalSection
	GlobalSection(ExtensibilityGlobals) = postSolution
		SolutionGuid = {68F6DF5E-A1BC-43A8-BB72-9C2DCE0925AB}
	EndGlobalSection
EndGlobal
